
Microsoft Visual Studio Solution File, Format Version 12.00
# Visual Studio 2013
VisualStudioVersion = 12.0.31101.0
MinimumVisualStudioVersion = 10.0.40219.1
Project("{FAE04EC0-301F-11D3-BF4B-00C04F79EFBC}") = "ExamProject_01", "ExamProject_01\ExamProject_01.csproj", "{E857476B-F2E3-4256-91BE-D98405836ADD}"
EndProject
Project("{FAE04EC0-301F-11D3-BF4B-00C04F79EFBC}") = "ListTest", "ListTest\ListTest.csproj", "{E2ADFFF6-659F-4152-9FF3-4C940A89E438}"
EndProject
Global
	GlobalSection(SolutionConfigurationPlatforms) = preSolution
		Debug|Any CPU = Debug|Any CPU
		Release|Any CPU = Release|Any CPU
	EndGlobalSection
	GlobalSection(ProjectConfigurationPlatforms) = postSolution
		{E857476B-F2E3-4256-91BE-D98405836ADD}.Debug|Any CPU.ActiveCfg = Debug|Any CPU
		{E857476B-F2E3-4256-91BE-D98405836ADD}.Debug|Any CPU.Build.0 = Debug|Any CPU
		{E857476B-F2E3-4256-91BE-D98405836ADD}.Release|Any CPU.ActiveCfg = Release|Any CPU
		{E857476B-F2E3-4256-91BE-D98405836ADD}.Release|Any CPU.Build.0 = Release|Any CPU
		{E2ADFFF6-659F-4152-9FF3-4C940A89E438}.Debug|Any CPU.ActiveCfg = Debug|Any CPU
		{E2ADFFF6-659F-4152-9FF3-4C940A89E438}.Debug|Any CPU.Build.0 = Debug|Any CPU
		{E2ADFFF6-659F-4152-9FF3-4C940A89E438}.Release|Any CPU.ActiveCfg = Release|Any CPU
		{E2ADFFF6-659F-4152-9FF3-4C940A89E438}.Release|Any CPU.Build.0 = Release|Any CPU
	EndGlobalSection
	GlobalSection(SolutionProperties) = preSolution
		HideSolutionNode = FALSE
	EndGlobalSection
EndGlobal
